
Microsoft Visual Studio Solution File, Format Version 12.00
# Visual Studio Version 16
VisualStudioVersion = 16.0.31410.357
MinimumVisualStudioVersion = 10.0.40219.1
Project("{FAE04EC0-301F-11D3-BF4B-00C04F79EFBC}") = "AdditionalQuestsCode", "AdditionalQuestsCode\AdditionalQuestsCode.csproj", "{11789C38-6818-4ACA-B768-3632DF7E2036}"
EndProject
Global
	GlobalSection(SolutionConfigurationPlatforms) = preSolution
		Debug|Any CPU = Debug|Any CPU
		Release|Any CPU = Release|Any CPU
	EndGlobalSection
	GlobalSection(ProjectConfigurationPlatforms) = postSolution
		{11789C38-6818-4ACA-B768-3632DF7E2036}.Debug|Any CPU.ActiveCfg = Debug|x64
		{11789C38-6818-4ACA-B768-3632DF7E2036}.Debug|Any CPU.Build.0 = Debug|x64
		{11789C38-6818-4ACA-B768-3632DF7E2036}.Release|Any CPU.ActiveCfg = Release|Any CPU
		{11789C38-6818-4ACA-B768-3632DF7E2036}.Release|Any CPU.Build.0 = Release|Any CPU
	EndGlobalSection
	GlobalSection(SolutionProperties) = preSolution
		HideSolutionNode = FALSE
	EndGlobalSection
	GlobalSection(ExtensibilityGlobals) = postSolution
		SolutionGuid = {B745EFEA-5322-4CA3-9D12-B8B47229FAA6}
	EndGlobalSection
EndGlobal
